Microsoft Visual Studio Solution File, Format Version 13.00
# Visual Studio 2013
Project("{2150E333-8FDC-42A3-9474-1A3956D46DE8}") = "(..)", "..", "{36257327-00FE-FF6D-A8D9-AFEE3537DAF0}"
EndProject
Project("{2150E333-8FDC-42A3-9474-1A3956D46DE8}") = "(..)", "..\..", "{DD240FE5-4D88-9C6C-E7C8-07717FEFF861}"
EndProject
Project("{2150E333-8FDC-42A3-9474-1A3956D46DE8}") = "(deps)", "..\..\deps", "{5A939B75-FE5E-0354-D786-FC9098F45B5B}"
EndProject
Project("{8BC9CEB8-8B4A-11D0-8D11-00A0C91BC942}") = "gflags", "..\..\deps\gflags.vcxproj", "{BC1AF22F-62D7-B5E3-338B-B839381CCAD6}"
EndProject
Project("{8BC9CEB8-8B4A-11D0-8D11-00A0C91BC942}") = "glog", "..\..\deps\glog.vcxproj", "{E2AEF3A6-2C8B-DAF9-86FB-29769C337FCD}"
EndProject
Project("{8BC9CEB8-8B4A-11D0-8D11-00A0C91BC942}") = "jansson", "..\..\deps\jansson.vcxproj", "{D0C4DF12-76ED-01B3-CCEC-E647612D34B6}"
EndProject
Project("{8BC9CEB8-8B4A-11D0-8D11-00A0C91BC942}") = "json2pb", "..\..\deps\json2pb.vcxproj", "{EEB39D08-1F69-4D24-5D6D-0810926F3EB9}"
EndProject
Project("{8BC9CEB8-8B4A-11D0-8D11-00A0C91BC942}") = "libuv", "..\..\deps\libuv.vcxproj", "{F7EDB076-3AD6-471D-40F1-AF6055E7ACF2}"
EndProject
Project("{8BC9CEB8-8B4A-11D0-8D11-00A0C91BC942}") = "protobuf_full_do_not_use", "..\..\deps\protobuf_full_do_not_use.vcxproj", "{1EE4F394-4774-7BF5-8467-5603D149285B}"
EndProject
Project("{8BC9CEB8-8B4A-11D0-8D11-00A0C91BC942}") = "protobuf_lite", "..\..\deps\protobuf_lite.vcxproj", "{A12FA8F0-A502-2D6D-A753-126FA7759641}"
EndProject
Project("{8BC9CEB8-8B4A-11D0-8D11-00A0C91BC942}") = "wssrv", "wssrv.vcxproj", "{1DC467C2-C10B-1016-343C-9B7AED278FBA}"
	ProjectSection(ProjectDependencies) = postProject
		{1EE4F394-4774-7BF5-8467-5603D149285B} = {1EE4F394-4774-7BF5-8467-5603D149285B}
		{EEB39D08-1F69-4D24-5D6D-0810926F3EB9} = {EEB39D08-1F69-4D24-5D6D-0810926F3EB9}
		{D0C4DF12-76ED-01B3-CCEC-E647612D34B6} = {D0C4DF12-76ED-01B3-CCEC-E647612D34B6}
		{E2AEF3A6-2C8B-DAF9-86FB-29769C337FCD} = {E2AEF3A6-2C8B-DAF9-86FB-29769C337FCD}
		{F7EDB076-3AD6-471D-40F1-AF6055E7ACF2} = {F7EDB076-3AD6-471D-40F1-AF6055E7ACF2}
		{A12FA8F0-A502-2D6D-A753-126FA7759641} = {A12FA8F0-A502-2D6D-A753-126FA7759641}
		{BC1AF22F-62D7-B5E3-338B-B839381CCAD6} = {BC1AF22F-62D7-B5E3-338B-B839381CCAD6}
	EndProjectSection
EndProject
Global
	GlobalSection(SolutionConfigurationPlatforms) = preSolution
		Debug|Win32 = Debug|Win32
		Release|Win32 = Release|Win32
	EndGlobalSection
	GlobalSection(ProjectConfigurationPlatforms) = postSolution
		{1DC467C2-C10B-1016-343C-9B7AED278FBA}.Debug|Win32.ActiveCfg = Debug|Win32
		{1DC467C2-C10B-1016-343C-9B7AED278FBA}.Debug|Win32.Build.0 = Debug|Win32
		{1DC467C2-C10B-1016-343C-9B7AED278FBA}.Release|Win32.ActiveCfg = Release|Win32
		{1DC467C2-C10B-1016-343C-9B7AED278FBA}.Release|Win32.Build.0 = Release|Win32
		{1EE4F394-4774-7BF5-8467-5603D149285B}.Debug|Win32.ActiveCfg = Debug|Win32
		{1EE4F394-4774-7BF5-8467-5603D149285B}.Debug|Win32.Build.0 = Debug|Win32
		{1EE4F394-4774-7BF5-8467-5603D149285B}.Release|Win32.ActiveCfg = Release|Win32
		{1EE4F394-4774-7BF5-8467-5603D149285B}.Release|Win32.Build.0 = Release|Win32
		{A12FA8F0-A502-2D6D-A753-126FA7759641}.Debug|Win32.ActiveCfg = Debug|Win32
		{A12FA8F0-A502-2D6D-A753-126FA7759641}.Debug|Win32.Build.0 = Debug|Win32
		{A12FA8F0-A502-2D6D-A753-126FA7759641}.Release|Win32.ActiveCfg = Release|Win32
		{A12FA8F0-A502-2D6D-A753-126FA7759641}.Release|Win32.Build.0 = Release|Win32
		{BC1AF22F-62D7-B5E3-338B-B839381CCAD6}.Debug|Win32.ActiveCfg = Debug|Win32
		{BC1AF22F-62D7-B5E3-338B-B839381CCAD6}.Debug|Win32.Build.0 = Debug|Win32
		{BC1AF22F-62D7-B5E3-338B-B839381CCAD6}.Release|Win32.ActiveCfg = Release|Win32
		{BC1AF22F-62D7-B5E3-338B-B839381CCAD6}.Release|Win32.Build.0 = Release|Win32
		{D0C4DF12-76ED-01B3-CCEC-E647612D34B6}.Debug|Win32.ActiveCfg = Debug|Win32
		{D0C4DF12-76ED-01B3-CCEC-E647612D34B6}.Debug|Win32.Build.0 = Debug|Win32
		{D0C4DF12-76ED-01B3-CCEC-E647612D34B6}.Release|Win32.ActiveCfg = Release|Win32
		{D0C4DF12-76ED-01B3-CCEC-E647612D34B6}.Release|Win32.Build.0 = Release|Win32
		{E2AEF3A6-2C8B-DAF9-86FB-29769C337FCD}.Debug|Win32.ActiveCfg = Debug|Win32
		{E2AEF3A6-2C8B-DAF9-86FB-29769C337FCD}.Debug|Win32.Build.0 = Debug|Win32
		{E2AEF3A6-2C8B-DAF9-86FB-29769C337FCD}.Release|Win32.ActiveCfg = Release|Win32
		{E2AEF3A6-2C8B-DAF9-86FB-29769C337FCD}.Release|Win32.Build.0 = Release|Win32
		{EEB39D08-1F69-4D24-5D6D-0810926F3EB9}.Debug|Win32.ActiveCfg = Debug|Win32
		{EEB39D08-1F69-4D24-5D6D-0810926F3EB9}.Debug|Win32.Build.0 = Debug|Win32
		{EEB39D08-1F69-4D24-5D6D-0810926F3EB9}.Release|Win32.ActiveCfg = Release|Win32
		{EEB39D08-1F69-4D24-5D6D-0810926F3EB9}.Release|Win32.Build.0 = Release|Win32
		{F7EDB076-3AD6-471D-40F1-AF6055E7ACF2}.Debug|Win32.ActiveCfg = Debug|Win32
		{F7EDB076-3AD6-471D-40F1-AF6055E7ACF2}.Debug|Win32.Build.0 = Debug|Win32
		{F7EDB076-3AD6-471D-40F1-AF6055E7ACF2}.Release|Win32.ActiveCfg = Release|Win32
		{F7EDB076-3AD6-471D-40F1-AF6055E7ACF2}.Release|Win32.Build.0 = Release|Win32
	EndGlobalSection
	GlobalSection(SolutionProperties) = preSolution
		HideSolutionNode = FALSE
	EndGlobalSection
	GlobalSection(NestedProjects) = preSolution
		{DD240FE5-4D88-9C6C-E7C8-07717FEFF861} = {36257327-00FE-FF6D-A8D9-AFEE3537DAF0}
		{5A939B75-FE5E-0354-D786-FC9098F45B5B} = {DD240FE5-4D88-9C6C-E7C8-07717FEFF861}
		{BC1AF22F-62D7-B5E3-338B-B839381CCAD6} = {5A939B75-FE5E-0354-D786-FC9098F45B5B}
		{E2AEF3A6-2C8B-DAF9-86FB-29769C337FCD} = {5A939B75-FE5E-0354-D786-FC9098F45B5B}
		{D0C4DF12-76ED-01B3-CCEC-E647612D34B6} = {5A939B75-FE5E-0354-D786-FC9098F45B5B}
		{EEB39D08-1F69-4D24-5D6D-0810926F3EB9} = {5A939B75-FE5E-0354-D786-FC9098F45B5B}
		{F7EDB076-3AD6-471D-40F1-AF6055E7ACF2} = {5A939B75-FE5E-0354-D786-FC9098F45B5B}
		{1EE4F394-4774-7BF5-8467-5603D149285B} = {5A939B75-FE5E-0354-D786-FC9098F45B5B}
		{A12FA8F0-A502-2D6D-A753-126FA7759641} = {5A939B75-FE5E-0354-D786-FC9098F45B5B}
	EndGlobalSection
EndGlobal
